<?xml version="1.0" encoding="utf-8"?>
<Project ToolsVersion="4.0" xmlns="http://schemas.microsoft.com/developer/msbuild/2003">
  <ItemGroup>
    <Filter Include="Source Files">
      <UniqueIdentifier>{4FC737F1-C7A5-4376-A066-2A32D752A2FF}</UniqueIdentifier>
      <Extensions>cpp;c;cc;cxx;def;odl;idl;hpj;bat;asm;asmx</Extensions>
    </Filter>
    <Filter Include="Header Files">
      <UniqueIdentifier>{93995380-89BD-4b04-88EB-625FBE52EBFB}</UniqueIdentifier>
      <Extensions>h;hpp;hxx;hm;inl;inc;xsd</Extensions>
    </Filter>
  </ItemGroup>
  <ItemGroup>
    <ClCompile Include="lib\dbccpp\src\DbConnection.cpp">
      <Filter>Source Files</Filter>
    </ClCompile>
    <ClCompile Include="lib\dbccpp\src\DbConnectionFactory.cpp">
      <Filter>Source Files</Filter>
    </ClCompile>
    <ClCompile Include="lib\dbccpp\src\PreparedStatement.cpp">
      <Filter>Source Files</Filter>
    </ClCompile>
    <ClCompile Include="lib\dbccpp\src\ResultSet.cpp">
      <Filter>Source Files</Filter>
    </ClCompile>
    <ClCompile Include="lib\dbccpp\src\sqlite\SQLiteConnection.cpp">
      <Filter>Source Files</Filter>
    </ClCompile>
    <ClCompile Include="lib\dbccpp\src\sqlite\SQLiteCountProxy.cpp">
      <Filter>Source Files</Filter>
    </ClCompile>
    <ClCompile Include="lib\dbccpp\src\sqlite\SQLitePreparedStatement.cpp">
      <Filter>Source Files</Filter>
    </ClCompile>
    <ClCompile Include="lib\dbccpp\src\sqlite\SQLiteResultSet.cpp">
      <Filter>Source Files</Filter>
    </ClCompile>
  </ItemGroup>
  <ItemGroup>
    <ClInclude Include="lib\dbccpp\include\dbccpp\CountProxy.h">
      <Filter>Header Files</Filter>
    </ClInclude>
    <ClInclude Include="include\datamappercpp\sql\db.h">
      <Filter>Header Files</Filter>
    </ClInclude>
    <ClInclude Include="lib\dbccpp\include\dbccpp\dbccpp.h">
      <Filter>Header Files</Filter>
    </ClInclude>
    <ClInclude Include="lib\dbccpp\include\dbccpp\DbConnection.h">
      <Filter>Header Files</Filter>
    </ClInclude>
    <ClInclude Include="lib\dbccpp\src\DbConnectionFactory.h">
      <Filter>Header Files</Filter>
    </ClInclude>
    <ClInclude Include="lib\dbccpp\include\dbccpp\DbExceptions.h">
      <Filter>Header Files</Filter>
    </ClInclude>
    <ClInclude Include="include\utilcpp\declarations.h">
      <Filter>Header Files</Filter>
    </ClInclude>
    <ClInclude Include="include\utilcpp\disable_copy.h">
      <Filter>Header Files</Filter>
    </ClInclude>
    <ClInclude Include="include\datamappercpp\sql\exceptions.h">
      <Filter>Header Files</Filter>
    </ClInclude>
    <ClInclude Include="include\datamappercpp\Field.h">
      <Filter>Header Files</Filter>
    </ClInclude>
    <ClInclude Include="lib\dbccpp\include\dbccpp\ParameterTracker.h">
      <Filter>Header Files</Filter>
    </ClInclude>
    <ClInclude Include="lib\dbccpp\include\dbccpp\PreparedStatement.h">
      <Filter>Header Files</Filter>
    </ClInclude>
    <ClInclude Include="include\utilcpp\property.h">
      <Filter>Header Files</Filter>
    </ClInclude>
    <ClInclude Include="include\utilcpp\release_assert.h">
      <Filter>Header Files</Filter>
    </ClInclude>
    <ClInclude Include="include\datamappercpp\sql\Repository.h">
      <Filter>Header Files</Filter>
    </ClInclude>
    <ClInclude Include="lib\dbccpp\include\dbccpp\ResultSet.h">
      <Filter>Header Files</Filter>
    </ClInclude>
    <ClInclude Include="include\utilcpp\scoped_ptr.h">
      <Filter>Header Files</Filter>
    </ClInclude>
    <ClInclude Include="lib\dbccpp\src\sqlite\SQLiteConnection.h">
      <Filter>Header Files</Filter>
    </ClInclude>
    <ClInclude Include="lib\dbccpp\src\sqlite\SQLiteCountProxy.h">
      <Filter>Header Files</Filter>
    </ClInclude>
    <ClInclude Include="lib\dbccpp\src\sqlite\SQLiteExceptions.h">
      <Filter>Header Files</Filter>
    </ClInclude>
    <ClInclude Include="lib\dbccpp\src\sqlite\SQLitePreparedStatement.h">
      <Filter>Header Files</Filter>
    </ClInclude>
    <ClInclude Include="lib\dbccpp\src\sqlite\SQLiteResultSet.h">
      <Filter>Header Files</Filter>
    </ClInclude>
    <ClInclude Include="include\datamappercpp\sql\detail\SqlStatementBuilder.h">
      <Filter>Header Files</Filter>
    </ClInclude>
    <ClInclude Include="include\datamappercpp\sql\detail\StatementBuilderFieldVisitors.h">
      <Filter>Header Files</Filter>
    </ClInclude>
    <ClInclude Include="lib\dbccpp\include\dbccpp\SubscriptProxy.h">
      <Filter>Header Files</Filter>
    </ClInclude>
    <ClInclude Include="include\datamappercpp\sql\util\trace.h">
      <Filter>Header Files</Filter>
    </ClInclude>
    <ClInclude Include="include\datamappercpp\sql\Transaction.h">
      <Filter>Header Files</Filter>
    </ClInclude>
  </ItemGroup>
  <ItemGroup>
    <Text Include="ReadMe.txt" />
  </ItemGroup>
</Project>